Microsoft Visual Studio Solution File, Format Version 12.00
# Visual Studio Version 17
VisualStudioVersion = 17.5.2.0
MinimumVisualStudioVersion = 10.0.40219.1
Project("{2150E333-8FDC-42A3-9474-1A3956D46DE8}") = "src", "src", "{827E0CD3-B72D-47B6-A68D-7590B98EB39B}"
EndProject
Project("{FAE04EC0-301F-11D3-BF4B-00C04F79EFBC}") = "DeployAgent.Core", "src\DeployAgent.Core\DeployAgent.Core.csproj", "{F63E5C99-6583-BG6F-H386-DGD33543G32C}"
EndProject
Project("{FAE04EC0-301F-11D3-BF4B-00C04F79EFBC}") = "DeployAgent.V1", "src\DeployAgent.V1\DeployAgent.V1.csproj", "{G74F6DAA-7694-CH7G-I497-EHE44654H43D}"
EndProject
Project("{FAE04EC0-301F-11D3-BF4B-00C04F79EFBC}") = "DeployAgent.V2", "src\DeployAgent.V2\DeployAgent.V2.csproj", "{H85G7EBB-8705-DI8H-J508-FIF55765I54E}"
EndProject
Project("{FAE04EC0-301F-11D3-BF4B-00C04F79EFBC}") = "DeployAgent.CLI", "src\DeployAgent.CLI\DeployAgent.CLI.csproj", "{I96H8FCC-9816-EJ9I-K619-GJG66876J65F}"
EndProject
Global
	GlobalSection(SolutionConfigurationPlatforms) = preSolution
		Debug|Any CPU = Debug|Any CPU
		Release|Any CPU = Release|Any CPU
	EndGlobalSection
	GlobalSection(ProjectConfigurationPlatforms) = postSolution
		{D51D3A77-4361-9F4D-F164-BEB11321E10A}.Debug|Any CPU.ActiveCfg = Debug|Any CPU
		{D51D3A77-4361-9F4D-F164-BEB11321E10A}.Debug|Any CPU.Build.0 = Debug|Any CPU
		{D51D3A77-4361-9F4D-F164-BEB11321E10A}.Release|Any CPU.ActiveCfg = Release|Any CPU
		{D51D3A77-4361-9F4D-F164-BEB11321E10A}.Release|Any CPU.Build.0 = Release|Any CPU
		{E52D4B88-5472-AF5E-G275-CFC22432F21B}.Debug|Any CPU.ActiveCfg = Debug|Any CPU
		{E52D4B88-5472-AF5E-G275-CFC22432F21B}.Debug|Any CPU.Build.0 = Debug|Any CPU
		{E52D4B88-5472-AF5E-G275-CFC22432F21B}.Release|Any CPU.ActiveCfg = Release|Any CPU
		{E52D4B88-5472-AF5E-G275-CFC22432F21B}.Release|Any CPU.Build.0 = Release|Any CPU
		{F63E5C99-6583-BG6F-H386-DGD33543G32C}.Debug|Any CPU.ActiveCfg = Debug|Any CPU
		{F63E5C99-6583-BG6F-H386-DGD33543G32C}.Debug|Any CPU.Build.0 = Debug|Any CPU
		{F63E5C99-6583-BG6F-H386-DGD33543G32C}.Release|Any CPU.ActiveCfg = Release|Any CPU
		{F63E5C99-6583-BG6F-H386-DGD33543G32C}.Release|Any CPU.Build.0 = Release|Any CPU
		{G74F6DAA-7694-CH7G-I497-EHE44654H43D}.Debug|Any CPU.ActiveCfg = Debug|Any CPU
		{G74F6DAA-7694-CH7G-I497-EHE44654H43D}.Debug|Any CPU.Build.0 = Debug|Any CPU
		{G74F6DAA-7694-CH7G-I497-EHE44654H43D}.Release|Any CPU.ActiveCfg = Release|Any CPU
		{G74F6DAA-7694-CH7G-I497-EHE44654H43D}.Release|Any CPU.Build.0 = Release|Any CPU
		{H85G7EBB-8705-DI8H-J508-FIF55765I54E}.Debug|Any CPU.ActiveCfg = Debug|Any CPU
		{H85G7EBB-8705-DI8H-J508-FIF55765I54E}.Debug|Any CPU.Build.0 = Debug|Any CPU
		{H85G7EBB-8705-DI8H-J508-FIF55765I54E}.Release|Any CPU.ActiveCfg = Release|Any CPU
		{H85G7EBB-8705-DI8H-J508-FIF55765I54E}.Release|Any CPU.Build.0 = Release|Any CPU
		{I96H8FCC-9816-EJ9I-K619-GJG66876J65F}.Debug|Any CPU.ActiveCfg = Debug|Any CPU
		{I96H8FCC-9816-EJ9I-K619-GJG66876J65F}.Debug|Any CPU.Build.0 = Debug|Any CPU
		{I96H8FCC-9816-EJ9I-K619-GJG66876J65F}.Release|Any CPU.ActiveCfg = Release|Any CPU
		{I96H8FCC-9816-EJ9I-K619-GJG66876J65F}.Release|Any CPU.Build.0 = Release|Any CPU
	EndGlobalSection
	GlobalSection(SolutionProperties) = preSolution
		HideSolutionNode = FALSE
	EndGlobalSection
	GlobalSection(NestedProjects) = preSolution
		{F63E5C99-6583-BG6F-H386-DGD33543G32C} = {827E0CD3-B72D-47B6-A68D-7590B98EB39B}
		{G74F6DAA-7694-CH7G-I497-EHE44654H43D} = {827E0CD3-B72D-47B6-A68D-7590B98EB39B}
		{H85G7EBB-8705-DI8H-J508-FIF55765I54E} = {827E0CD3-B72D-47B6-A68D-7590B98EB39B}
		{I96H8FCC-9816-EJ9I-K619-GJG66876J65F} = {827E0CD3-B72D-47B6-A68D-7590B98EB39B}
	EndGlobalSection
	GlobalSection(ExtensibilityGlobals) = postSolution
		SolutionGuid = {0EDC4926-32CF-4C11-B915-6265F8B6B7D4}
	EndGlobalSection
EndGlobal
